
Microsoft Visual Studio Solution File, Format Version 12.00
# Visual Studio 15
VisualStudioVersion = 15.0.28307.106
MinimumVisualStudioVersion = 10.0.40219.1
Project("{FAE04EC0-301F-11D3-BF4B-00C04F79EFBC}") = "AppRSA", "AppRSA\AppRSA.csproj", "{294E48DD-47C9-438A-AAD2-B96CEA9B4467}"
EndProject
Global
	GlobalSection(SolutionConfigurationPlatforms) = preSolution
		Debug|Any CPU = Debug|Any CPU
		Release|Any CPU = Release|Any CPU
	EndGlobalSection
	GlobalSection(ProjectConfigurationPlatforms) = postSolution
		{294E48DD-47C9-438A-AAD2-B96CEA9B4467}.Debug|Any CPU.ActiveCfg = Debug|Any CPU
		{294E48DD-47C9-438A-AAD2-B96CEA9B4467}.Debug|Any CPU.Build.0 = Debug|Any CPU
		{294E48DD-47C9-438A-AAD2-B96CEA9B4467}.Release|Any CPU.ActiveCfg = Release|Any CPU
		{294E48DD-47C9-438A-AAD2-B96CEA9B4467}.Release|Any CPU.Build.0 = Release|Any CPU
	EndGlobalSection
	GlobalSection(SolutionProperties) = preSolution
		HideSolutionNode = FALSE
	EndGlobalSection
	GlobalSection(ExtensibilityGlobals) = postSolution
		SolutionGuid = {917AAC5F-245E-4659-9DDA-BCE857812A52}
	EndGlobalSection
EndGlobal
